
Microsoft Visual Studio Solution File, Format Version 11.00
# Visual Studio 2010
Project("{FAE04EC0-301F-11D3-BF4B-00C04F79EFBC}") = "elements", "Assembly-CSharp.csproj", "{F48265D7-FA73-9DFC-6405-F35267D2AC60}"
EndProject
Project("{FAE04EC0-301F-11D3-BF4B-00C04F79EFBC}") = "elements", "Assembly-CSharp-firstpass.csproj", "{D3B28D34-3033-2D73-F655-06C54687A318}"
EndProject
Project("{FAE04EC0-301F-11D3-BF4B-00C04F79EFBC}") = "elements", "Assembly-CSharp-Editor-firstpass.csproj", "{D2F1E302-61E0-0BFB-B163-DC4DE62C45F7}"
EndProject
Project("{FAE04EC0-301F-11D3-BF4B-00C04F79EFBC}") = "elements", "Assembly-CSharp-Editor.csproj", "{E8350278-AA86-8074-A1F9-C43FA796D077}"
EndProject
Global
	GlobalSection(SolutionConfigurationPlatforms) = preSolution
		Debug|Any CPU = Debug|Any CPU
		Release|Any CPU = Release|Any CPU
	EndGlobalSection
	GlobalSection(ProjectConfigurationPlatforms) = postSolution
		{F48265D7-FA73-9DFC-6405-F35267D2AC60}.Debug|Any CPU.ActiveCfg = Debug|Any CPU
		{F48265D7-FA73-9DFC-6405-F35267D2AC60}.Debug|Any CPU.Build.0 = Debug|Any CPU
		{F48265D7-FA73-9DFC-6405-F35267D2AC60}.Release|Any CPU.ActiveCfg = Release|Any CPU
		{F48265D7-FA73-9DFC-6405-F35267D2AC60}.Release|Any CPU.Build.0 = Release|Any CPU
		{D3B28D34-3033-2D73-F655-06C54687A318}.Debug|Any CPU.ActiveCfg = Debug|Any CPU
		{D3B28D34-3033-2D73-F655-06C54687A318}.Debug|Any CPU.Build.0 = Debug|Any CPU
		{D3B28D34-3033-2D73-F655-06C54687A318}.Release|Any CPU.ActiveCfg = Release|Any CPU
		{D3B28D34-3033-2D73-F655-06C54687A318}.Release|Any CPU.Build.0 = Release|Any CPU
		{D2F1E302-61E0-0BFB-B163-DC4DE62C45F7}.Debug|Any CPU.ActiveCfg = Debug|Any CPU
		{D2F1E302-61E0-0BFB-B163-DC4DE62C45F7}.Debug|Any CPU.Build.0 = Debug|Any CPU
		{D2F1E302-61E0-0BFB-B163-DC4DE62C45F7}.Release|Any CPU.ActiveCfg = Release|Any CPU
		{D2F1E302-61E0-0BFB-B163-DC4DE62C45F7}.Release|Any CPU.Build.0 = Release|Any CPU
		{E8350278-AA86-8074-A1F9-C43FA796D077}.Debug|Any CPU.ActiveCfg = Debug|Any CPU
		{E8350278-AA86-8074-A1F9-C43FA796D077}.Debug|Any CPU.Build.0 = Debug|Any CPU
		{E8350278-AA86-8074-A1F9-C43FA796D077}.Release|Any CPU.ActiveCfg = Release|Any CPU
		{E8350278-AA86-8074-A1F9-C43FA796D077}.Release|Any CPU.Build.0 = Release|Any CPU
	EndGlobalSection
	GlobalSection(SolutionProperties) = preSolution
		HideSolutionNode = FALSE
	EndGlobalSection
	GlobalSection(MonoDevelopProperties) = preSolution
		StartupItem = Assembly-CSharp.csproj
	EndGlobalSection
EndGlobal
